
Microsoft Visual Studio Solution File, Format Version 12.00
# Visual Studio Version 17
VisualStudioVersion = 17.5.002.0
MinimumVisualStudioVersion = 10.0.40219.1
Project("{9A19103F-16F7-4668-BE54-9A1E7A4F7556}") = "Website", "Website.csproj", "{CE921D31-8111-4AF2-BB29-AFAE3F17714C}"
EndProject
Global
	GlobalSection(SolutionConfigurationPlatforms) = preSolution
		Debug|Any CPU = Debug|Any CPU
		Release|Any CPU = Release|Any CPU
	EndGlobalSection
	GlobalSection(ProjectConfigurationPlatforms) = postSolution
		{CE921D31-8111-4AF2-BB29-AFAE3F17714C}.Debug|Any CPU.ActiveCfg = Debug|Any CPU
		{CE921D31-8111-4AF2-BB29-AFAE3F17714C}.Debug|Any CPU.Build.0 = Debug|Any CPU
		{CE921D31-8111-4AF2-BB29-AFAE3F17714C}.Release|Any CPU.ActiveCfg = Release|Any CPU
		{CE921D31-8111-4AF2-BB29-AFAE3F17714C}.Release|Any CPU.Build.0 = Release|Any CPU
	EndGlobalSection
	GlobalSection(SolutionProperties) = preSolution
		HideSolutionNode = FALSE
	EndGlobalSection
	GlobalSection(ExtensibilityGlobals) = postSolution
		SolutionGuid = {7E2B7FB2-0072-4906-955B-0A4B40E69539}
	EndGlobalSection
EndGlobal
